{
  "version": 4,
  "terraform_version": "1.14.3",
  "serial": 4,
  "lineage": "c591c9e0-f518-052f-b3db-ba6e95d3cfc6",
  "outputs": {
    "ipv4": {
      "value": "49.13.154.21",
      "type": "string"
    }
  },
  "resources": [
    {
      "mode": "managed",
      "type": "hcloud_server",
      "name": "node",
      "provider": "provider[\"registry.terraform.io/hetznercloud/hcloud\"]",
      "instances": [
        {
          "schema_version": 0,
          "attributes": {
            "allow_deprecated_images": false,
            "backup_window": "",
            "backups": false,
            "datacenter": "nbg1-dc3",
            "delete_protection": false,
            "firewall_ids": [],
            "id": "115707661",
            "ignore_remote_firewall_ids": false,
            "image": "rocky-9",
            "ipv4_address": "49.13.154.21",
            "ipv6_address": "2a01:4f8:1c1e:a9d7::1",
            "ipv6_network": "2a01:4f8:1c1e:a9d7::/64",
            "iso": null,
            "keep_disk": false,
            "labels": {},
            "location": "nbg1",
            "name": "fastapi",
            "network": [],
            "placement_group_id": 0,
            "primary_disk_size": 40,
            "public_net": [],
            "rebuild_protection": false,
            "rescue": null,
            "server_type": "cpx11",
            "shutdown_before_deletion": false,
            "ssh_keys": [
              "104614471"
            ],
            "status": "running",
            "timeouts": null,
            "user_data": null
          },
          "sensitive_attributes": [],
          "identity_schema_version": 0,
          "private": "eyJlMmJmYjczMC1lY2FhLTExZTYtOGY4OC0zNDM2M2JjN2M0YzAiOnsiY3JlYXRlIjo1NDAwMDAwMDAwMDAwfX0=",
          "dependencies": [
            "hcloud_ssh_key.key"
          ]
        }
      ]
    },
    {
      "mode": "managed",
      "type": "hcloud_ssh_key",
      "name": "key",
      "provider": "provider[\"registry.terraform.io/hetznercloud/hcloud\"]",
      "instances": [
        {
          "schema_version": 0,
          "attributes": {
            "fingerprint": "76:89:a4:f2:5a:b8:5a:cb:59:a6:30:f5:6d:8b:b7:1b",
            "id": "104614471",
            "labels": {},
            "name": "default",
            "public_key": "ssh-ed25519 AAAAC3NzaC1lZDI1NTE5AAAAIIOtzY7yBK80TRGgJXEZqO65rK8fjE9P9VzBn4Zv219H root@localhost.localdomain\n"
          },
          "sensitive_attributes": [],
          "identity_schema_version": 0
        }
      ]
    }
  ],
  "check_results": null
}
